// !$*UTF8*$!
{
	archiveVersion = 1;
	classes = {
	};
	objectVersion = 50;
	objects = {

/* Begin PBXBuildFile section */
		F485BA6322532463006DA0D5 /* AppDelegate.swift in Sources */ = {isa = PBXBuildFile; fileRef = F485BA6222532463006DA0D5 /* AppDelegate.swift */; };
		F485BA6522532463006DA0D5 /* ViewController.swift in Sources */ = {isa = PBXBuildFile; fileRef = F485BA6422532463006DA0D5 /* ViewController.swift */; };
		F485BA6822532463006DA0D5 /* Main.storyboard in Resources */ = {isa = PBXBuildFile; fileRef = F485BA6622532463006DA0D5 /* Main.storyboard */; };
		F485BA6A22532465006DA0D5 /* Assets.xcassets in Resources */ = {isa = PBXBuildFile; fileRef = F485BA6922532465006DA0D5 /* Assets.xcassets */; };
		F485BA6D22532465006DA0D5 /* LaunchScreen.storyboard in Resources */ = {isa = PBXBuildFile; fileRef = F485BA6B22532465006DA0D5 /* LaunchScreen.storyboard */; };
		F485BA7822532465006DA0D5 /* ABCProjectTests.swift in Sources */ = {isa = PBXBuildFile; fileRef = F485BA7722532465006DA0D5 /* ABCProjectTests.swift */; };
		F485BA8322532465006DA0D5 /* ABCProjectUITests.swift in Sources */ = {isa = PBXBuildFile; fileRef = F485BA8222532465006DA0D5 /* ABCProjectUITests.swift */; };
		F485BA9622532498006DA0D5 /* ViewController.swift in Sources */ = {isa = PBXBuildFile; fileRef = F485BA6422532463006DA0D5 /* ViewController.swift */; };
		F485BA9722532498006DA0D5 /* AppDelegate.swift in Sources */ = {isa = PBXBuildFile; fileRef = F485BA6222532463006DA0D5 /* AppDelegate.swift */; };
		F485BA9A22532498006DA0D5 /* LaunchScreen.storyboard in Resources */ = {isa = PBXBuildFile; fileRef = F485BA6B22532465006DA0D5 /* LaunchScreen.storyboard */; };
		F485BA9B22532498006DA0D5 /* Assets.xcassets in Resources */ = {isa = PBXBuildFile; fileRef = F485BA6922532465006DA0D5 /* Assets.xcassets */; };
		F485BA9C22532498006DA0D5 /* Main.storyboard in Resources */ = {isa = PBXBuildFile; fileRef = F485BA6622532463006DA0D5 /* Main.storyboard */; };
/* End PBXBuildFile section */

/* Begin PBXContainerItemProxy section */
		F485BA7422532465006DA0D5 /* PBXContainerItemProxy */ = {
			isa = PBXContainerItemProxy;
			containerPortal = F485BA5722532463006DA0D5 /* Project object */;
			proxyType = 1;
			remoteGlobalIDString = F485BA5E22532463006DA0D5;
			remoteInfo = ABCProject;
		};
		F485BA7F22532465006DA0D5 /* PBXContainerItemProxy */ = {
			isa = PBXContainerItemProxy;
			containerPortal = F485BA5722532463006DA0D5 /* Project object */;
			proxyType = 1;
			remoteGlobalIDString = F485BA5E22532463006DA0D5;
			remoteInfo = ABCProject;
		};
/* End PBXContainerItemProxy section */

/* Begin PBXCopyFilesBuildPhase section */
		3B8C0073207239AA0072A8C6 /* Embed Frameworks */ = {
			isa = PBXCopyFilesBuildPhase;
			buildActionMask = 2147483647;
			dstPath = "";
			dstSubfolderSpec = 10;
			files = (
				124470E5219C10690004F8A1 /* MockServer.framework in Embed Frameworks */,
				866540F72194038E00D3629E /* MTUIKit.framework in Embed Frameworks */,
				0635007B2187505E00F74F0F /* FTCFeeSDK.framework in Embed Frameworks */,
				3B2576B4210EB94C0040804D /* QpayApi.framework in Embed Frameworks */,
				9E0D711622BA1AE3009D2B93 /* AnalyticsKit.framework in Embed Frameworks */,
				9D571EC720BD62420012FA8E /* EdaSDK.framework in Embed Frameworks */,
				3BBE9AA620D7BF7F005CF978 /* FTCCardData.framework in Embed Frameworks */,
			);
			name = "Embed Frameworks";
			runOnlyForDeploymentPostprocessing = 0;
		};
		3BE54644207B0FE1004490A6 /* Embed Frameworks */ = {
			isa = PBXCopyFilesBuildPhase;
			buildActionMask = 2147483647;
			dstPath = "";
			dstSubfolderSpec = 10;
			files = (
				9DE6062D21CCD02800CD0BBA /* EdaSDK.framework in Embed Frameworks */,
				2A9587C921FEFB1A0092FB99 /* MockServer.framework in Embed Frameworks */,
				866540F8219403EF00D3629E /* MTUIKit.framework in Embed Frameworks */,
				060BEF072187603A0074FCE6 /* FTCFeeSDK.framework in Embed Frameworks */,
				9E0D711922BA1D25009D2B93 /* AnalyticsKit.framework in Embed Frameworks */,
				9DE6062F21CCD02800CD0BBA /* QpayApi.framework in Embed Frameworks */,
				3BBE9AA820D7BF88005CF978 /* FTCCardData.framework in Embed Frameworks */,
			);
			name = "Embed Frameworks";
			runOnlyForDeploymentPostprocessing = 0;
		};
		B7CD665922045C1100BAB14F /* CopyFiles */ = {
			isa = PBXCopyFilesBuildPhase;
			buildActionMask = 2147483647;
			dstPath = "";
			dstSubfolderSpec = 10;
			files = (
				B7CD665A22045C2600BAB14F /* MockServer.framework in CopyFiles */,
			);
			runOnlyForDeploymentPostprocessing = 0;
		};
/* End PBXCopyFilesBuildPhase section */

/* Begin PBXFileReference section */
		F485BA5F22532463006DA0D5 /* ABCProject.app */ = {isa = PBXFileReference; explicitFileType = wrapper.application; includeInIndex = 0; path = ABCProject.app; sourceTree = BUILT_PRODUCTS_DIR; };
		F485BA6222532463006DA0D5 /* AppDelegate.swift */ = {isa = PBXFileReference; lastKnownFileType = sourcecode.swift; path = AppDelegate.swift; sourceTree = "<group>"; };
		F485BA6422532463006DA0D5 /* ViewController.swift */ = {isa = PBXFileReference; lastKnownFileType = sourcecode.swift; path = ViewController.swift; sourceTree = "<group>"; };
		F485BA6722532463006DA0D5 /* Base */ = {isa = PBXFileReference; lastKnownFileType = file.storyboard; name = Base; path = Base.lproj/Main.storyboard; sourceTree = "<group>"; };
		F485BA6922532465006DA0D5 /* Assets.xcassets */ = {isa = PBXFileReference; lastKnownFileType = folder.assetcatalog; path = Assets.xcassets; sourceTree = "<group>"; };
		F485BA6C22532465006DA0D5 /* Base */ = {isa = PBXFileReference; lastKnownFileType = file.storyboard; name = Base; path = Base.lproj/LaunchScreen.storyboard; sourceTree = "<group>"; };
		F485BA6E22532465006DA0D5 /* Info.plist */ = {isa = PBXFileReference; lastKnownFileType = text.plist.xml; path = Info.plist; sourceTree = "<group>"; };
		F485BA7322532465006DA0D5 /* ABCProjectTests.xctest */ = {isa = PBXFileReference; explicitFileType = wrapper.cfbundle; includeInIndex = 0; path = ABCProjectTests.xctest; sourceTree = BUILT_PRODUCTS_DIR; };
		F485BA7722532465006DA0D5 /* ABCProjectTests.swift */ = {isa = PBXFileReference; lastKnownFileType = sourcecode.swift; path = ABCProjectTests.swift; sourceTree = "<group>"; };
		F485BA7922532465006DA0D5 /* Info.plist */ = {isa = PBXFileReference; lastKnownFileType = text.plist.xml; path = Info.plist; sourceTree = "<group>"; };
		F485BA7E22532465006DA0D5 /* ABCProjectUITests.xctest */ = {isa = PBXFileReference; explicitFileType = wrapper.cfbundle; includeInIndex = 0; path = ABCProjectUITests.xctest; sourceTree = BUILT_PRODUCTS_DIR; };
		F485BA8222532465006DA0D5 /* ABCProjectUITests.swift */ = {isa = PBXFileReference; lastKnownFileType = sourcecode.swift; path = ABCProjectUITests.swift; sourceTree = "<group>"; };
		F485BA8422532465006DA0D5 /* Info.plist */ = {isa = PBXFileReference; lastKnownFileType = text.plist.xml; path = Info.plist; sourceTree = "<group>"; };
		F485BAA122532498006DA0D5 /* ABCSecondTarget.app */ = {isa = PBXFileReference; explicitFileType = wrapper.application; includeInIndex = 0; path = ABCSecondTarget.app; sourceTree = BUILT_PRODUCTS_DIR; };
		F485BAA222532498006DA0D5 /* ABCProject copy-Info.plist */ = {isa = PBXFileReference; lastKnownFileType = text.plist.xml; name = "ABCProject copy-Info.plist"; path = "/Users/username/Desktop/ABCProject/ABCProject copy-Info.plist"; sourceTree = "<absolute>"; };
/* End PBXFileReference section */

/* Begin PBXFrameworksBuildPhase section */
		F485BA5C22532463006DA0D5 /* Frameworks */ = {
			isa = PBXFrameworksBuildPhase;
			buildActionMask = 2147483647;
			files = (
			);
			runOnlyForDeploymentPostprocessing = 0;
		};
		F485BA7022532465006DA0D5 /* Frameworks */ = {
			isa = PBXFrameworksBuildPhase;
			buildActionMask = 2147483647;
			files = (
			);
			runOnlyForDeploymentPostprocessing = 0;
		};
		F485BA7B22532465006DA0D5 /* Frameworks */ = {
			isa = PBXFrameworksBuildPhase;
			buildActionMask = 2147483647;
			files = (
			);
			runOnlyForDeploymentPostprocessing = 0;
		};
		F485BA9822532498006DA0D5 /* Frameworks */ = {
			isa = PBXFrameworksBuildPhase;
			buildActionMask = 2147483647;
			files = (
			);
			runOnlyForDeploymentPostprocessing = 0;
		};
/* End PBXFrameworksBuildPhase section */

/* Begin PBXGroup section */
		F485BA5622532463006DA0D5 = {
			isa = PBXGroup;
			children = (
				F485BA6122532463006DA0D5 /* ABCProject */,
				F485BA7622532465006DA0D5 /* ABCProjectTests */,
				F485BA8122532465006DA0D5 /* ABCProjectUITests */,
				F485BA6022532463006DA0D5 /* Products */,
				F485BAA222532498006DA0D5 /* ABCProject copy-Info.plist */,
			);
			sourceTree = "<group>";
		};
		F485BA6022532463006DA0D5 /* Products */ = {
			isa = PBXGroup;
			children = (
				F485BA5F22532463006DA0D5 /* ABCProject.app */,
				F485BA7322532465006DA0D5 /* ABCProjectTests.xctest */,
				F485BA7E22532465006DA0D5 /* ABCProjectUITests.xctest */,
				F485BAA122532498006DA0D5 /* ABCSecondTarget.app */,
			);
			name = Products;
			sourceTree = "<group>";
		};
		F485BA6122532463006DA0D5 /* ABCProject */ = {
			isa = PBXGroup;
			children = (
				F485BA6222532463006DA0D5 /* AppDelegate.swift */,
				F485BA6422532463006DA0D5 /* ViewController.swift */,
				F485BA6622532463006DA0D5 /* Main.storyboard */,
				F485BA6922532465006DA0D5 /* Assets.xcassets */,
				F485BA6B22532465006DA0D5 /* LaunchScreen.storyboard */,
				F485BA6E22532465006DA0D5 /* Info.plist */,
			);
			path = ABCProject;
			sourceTree = "<group>";
		};
		F485BA7622532465006DA0D5 /* ABCProjectTests */ = {
			isa = PBXGroup;
			children = (
				F485BA7722532465006DA0D5 /* ABCProjectTests.swift */,
				F485BA7922532465006DA0D5 /* Info.plist */,
			);
			path = ABCProjectTests;
			sourceTree = "<group>";
		};
		F485BA8122532465006DA0D5 /* ABCProjectUITests */ = {
			isa = PBXGroup;
			children = (
				F485BA8222532465006DA0D5 /* ABCProjectUITests.swift */,
				F485BA8422532465006DA0D5 /* Info.plist */,
			);
			path = ABCProjectUITests;
			sourceTree = "<group>";
		};
/* End PBXGroup section */

/* Begin PBXNativeTarget section */
		F485BA5E22532463006DA0D5 /* ABCProject */ = {
			isa = PBXNativeTarget;
			buildConfigurationList = F485BA8722532465006DA0D5 /* Build configuration list for PBXNativeTarget "ABCProject" */;
			buildPhases = (
				F485BA5B22532463006DA0D5 /* Sources */,
				F485BA5C22532463006DA0D5 /* Frameworks */,
				F485BA5D22532463006DA0D5 /* Resources */,
			);
			buildRules = (
			);
			dependencies = (
			);
			name = ABCProject;
			productName = ABCProject;
			productReference = F485BA5F22532463006DA0D5 /* ABCProject.app */;
			productType = "com.apple.product-type.application";
		};
		F485BA7222532465006DA0D5 /* ABCProjectTests */ = {
			isa = PBXNativeTarget;
			buildConfigurationList = F485BA8A22532465006DA0D5 /* Build configuration list for PBXNativeTarget "ABCProjectTests" */;
			buildPhases = (
				F485BA6F22532465006DA0D5 /* Sources */,
				F485BA7022532465006DA0D5 /* Frameworks */,
				F485BA7122532465006DA0D5 /* Resources */,
			);
			buildRules = (
			);
			dependencies = (
				F485BA7522532465006DA0D5 /* PBXTargetDependency */,
			);
			name = ABCProjectTests;
			productName = ABCProjectTests;
			productReference = F485BA7322532465006DA0D5 /* ABCProjectTests.xctest */;
			productType = "com.apple.product-type.bundle.unit-test";
		};
		F485BA7D22532465006DA0D5 /* ABCProjectUITests */ = {
			isa = PBXNativeTarget;
			buildConfigurationList = F485BA8D22532465006DA0D5 /* Build configuration list for PBXNativeTarget "ABCProjectUITests" */;
			buildPhases = (
				F485BA7A22532465006DA0D5 /* Sources */,
				F485BA7B22532465006DA0D5 /* Frameworks */,
				F485BA7C22532465006DA0D5 /* Resources */,
			);
			buildRules = (
			);
			dependencies = (
				F485BA8022532465006DA0D5 /* PBXTargetDependency */,
			);
			name = ABCProjectUITests;
			productName = ABCProjectUITests;
			productReference = F485BA7E22532465006DA0D5 /* ABCProjectUITests.xctest */;
			productType = "com.apple.product-type.bundle.ui-testing";
		};
		F485BA9422532498006DA0D5 /* ABCSecondTarget */ = {
			isa = PBXNativeTarget;
			buildConfigurationList = F485BA9D22532498006DA0D5 /* Build configuration list for PBXNativeTarget "ABCSecondTarget" */;
			buildPhases = (
				F485BA9522532498006DA0D5 /* Sources */,
				F485BA9822532498006DA0D5 /* Frameworks */,
				F485BA9922532498006DA0D5 /* Resources */,
			);
			buildRules = (
			);
			dependencies = (
			);
			name = ABCSecondTarget;
			productName = ABCProject;
			productReference = F485BAA122532498006DA0D5 /* ABCSecondTarget.app */;
			productType = "com.apple.product-type.application";
		};
/* End PBXNativeTarget section */

/* Begin PBXProject section */
		F485BA5722532463006DA0D5 /* Project object */ = {
			isa = PBXProject;
			attributes = {
				LastSwiftUpdateCheck = 1010;
				LastUpgradeCheck = 1010;
				ORGANIZATIONNAME = "Team Absurdum";
				TargetAttributes = {
					F485BA5E22532463006DA0D5 = {
						CreatedOnToolsVersion = 10.1;
					};
					F485BA7222532465006DA0D5 = {
						CreatedOnToolsVersion = 10.1;
						TestTargetID = F485BA5E22532463006DA0D5;
					};
					F485BA7D22532465006DA0D5 = {
						CreatedOnToolsVersion = 10.1;
						TestTargetID = F485BA5E22532463006DA0D5;
					};
				};
			};
			buildConfigurationList = F485BA5A22532463006DA0D5 /* Build configuration list for PBXProject "ABCProject" */;
			compatibilityVersion = "Xcode 9.3";
			developmentRegion = en;
			hasScannedForEncodings = 0;
			knownRegions = (
				en,
				Base,
			);
			mainGroup = F485BA5622532463006DA0D5;
			productRefGroup = F485BA6022532463006DA0D5 /* Products */;
			projectDirPath = "";
			projectRoot = "";
			targets = (
				F485BA5E22532463006DA0D5 /* ABCProject */,
				F485BA7222532465006DA0D5 /* ABCProjectTests */,
				F485BA7D22532465006DA0D5 /* ABCProjectUITests */,
				F485BA9422532498006DA0D5 /* ABCSecondTarget */,
			);
		};
/* End PBXProject section */

/* Begin PBXCopyFilesBuildPhase section */
        3B8C0073207239AA0072A8C6 /* Embed Frameworks */ = {
            isa = PBXCopyFilesBuildPhase;
            buildActionMask = 2147483647;
            dstPath = "";
            dstSubfolderSpec = 10;
            files = (
                124470E5219C10690004F8A1 /* MockServer.framework in Embed Frameworks */,
                866540F72194038E00D3629E /* MTUIKit.framework in Embed Frameworks */,
                0635007B2187505E00F74F0F /* FTCFeeSDK.framework in Embed Frameworks */,
                3B2576B4210EB94C0040804D /* QpayApi.framework in Embed Frameworks */,
                9E0D711622BA1AE3009D2B93 /* AnalyticsKit.framework in Embed Frameworks */,
                9D571EC720BD62420012FA8E /* EdaSDK.framework in Embed Frameworks */,
                3BBE9AA620D7BF7F005CF978 /* FTCCardData.framework in Embed Frameworks */,
            );
            name = "Embed Frameworks";
            runOnlyForDeploymentPostprocessing = 0;
        };
        3BE54644207B0FE1004490A6 /* Embed Frameworks */ = {
            isa = PBXCopyFilesBuildPhase;
            buildActionMask = 2147483647;
            dstPath = "";
            dstSubfolderSpec = 10;
            files = (
                9DE6062D21CCD02800CD0BBA /* EdaSDK.framework in Embed Frameworks */,
                2A9587C921FEFB1A0092FB99 /* MockServer.framework in Embed Frameworks */,
                866540F8219403EF00D3629E /* MTUIKit.framework in Embed Frameworks */,
                060BEF072187603A0074FCE6 /* FTCFeeSDK.framework in Embed Frameworks */,
                9E0D711922BA1D25009D2B93 /* AnalyticsKit.framework in Embed Frameworks */,
                9DE6062F21CCD02800CD0BBA /* QpayApi.framework in Embed Frameworks */,
                3BBE9AA820D7BF88005CF978 /* FTCCardData.framework in Embed Frameworks */,
            );
            name = "Embed Frameworks";
            runOnlyForDeploymentPostprocessing = 0;
        };
        B7CD665922045C1100BAB14F /* CopyFiles */ = {
            isa = PBXCopyFilesBuildPhase;
            buildActionMask = 2147483647;
            dstPath = "";
            dstSubfolderSpec = 10;
            files = (
                B7CD665A22045C2600BAB14F /* MockServer.framework in CopyFiles */,
            );
            runOnlyForDeploymentPostprocessing = 0;
        };
/* End PBXCopyFilesBuildPhase section */

/* Begin PBXResourcesBuildPhase section */
		F485BA5D22532463006DA0D5 /* Resources */ = {
			isa = PBXResourcesBuildPhase;
			buildActionMask = 2147483647;
			files = (
				F485BA6D22532465006DA0D5 /* LaunchScreen.storyboard in Resources */,
				F485BA6A22532465006DA0D5 /* Assets.xcassets in Resources */,
				F485BA6822532463006DA0D5 /* Main.storyboard in Resources */,
			);
			runOnlyForDeploymentPostprocessing = 0;
		};
		F485BA7122532465006DA0D5 /* Resources */ = {
			isa = PBXResourcesBuildPhase;
			buildActionMask = 2147483647;
			files = (
			);
			runOnlyForDeploymentPostprocessing = 0;
		};
		F485BA7C22532465006DA0D5 /* Resources */ = {
			isa = PBXResourcesBuildPhase;
			buildActionMask = 2147483647;
			files = (
			);
			runOnlyForDeploymentPostprocessing = 0;
		};
		F485BA9922532498006DA0D5 /* Resources */ = {
			isa = PBXResourcesBuildPhase;
			buildActionMask = 2147483647;
			files = (
				F485BA9A22532498006DA0D5 /* LaunchScreen.storyboard in Resources */,
				F485BA9B22532498006DA0D5 /* Assets.xcassets in Resources */,
				F485BA9C22532498006DA0D5 /* Main.storyboard in Resources */,
			);
			runOnlyForDeploymentPostprocessing = 0;
		};
/* End PBXResourcesBuildPhase section */

/* Begin PBXSourcesBuildPhase section */
		F485BA5B22532463006DA0D5 /* Sources */ = {
			isa = PBXSourcesBuildPhase;
			buildActionMask = 2147483647;
			files = (
				F485BA6522532463006DA0D5 /* ViewController.swift in Sources */,
				F485BA6322532463006DA0D5 /* AppDelegate.swift in Sources */,
			);
			runOnlyForDeploymentPostprocessing = 0;
		};
		F485BA6F22532465006DA0D5 /* Sources */ = {
			isa = PBXSourcesBuildPhase;
			buildActionMask = 2147483647;
			files = (
				F485BA7822532465006DA0D5 /* ABCProjectTests.swift in Sources */,
			);
			runOnlyForDeploymentPostprocessing = 0;
		};
		F485BA7A22532465006DA0D5 /* Sources */ = {
			isa = PBXSourcesBuildPhase;
			buildActionMask = 2147483647;
			files = (
				F485BA8322532465006DA0D5 /* ABCProjectUITests.swift in Sources */,
			);
			runOnlyForDeploymentPostprocessing = 0;
		};
		F485BA9522532498006DA0D5 /* Sources */ = {
			isa = PBXSourcesBuildPhase;
			buildActionMask = 2147483647;
			files = (
				F485BA9622532498006DA0D5 /* ViewController.swift in Sources */,
				F485BA9722532498006DA0D5 /* AppDelegate.swift in Sources */,
			);
			runOnlyForDeploymentPostprocessing = 0;
		};
/* End PBXSourcesBuildPhase section */

/* Begin PBXTargetDependency section */
		F485BA7522532465006DA0D5 /* PBXTargetDependency */ = {
			isa = PBXTargetDependency;
			target = F485BA5E22532463006DA0D5 /* ABCProject */;
			targetProxy = F485BA7422532465006DA0D5 /* PBXContainerItemProxy */;
		};
		F485BA8022532465006DA0D5 /* PBXTargetDependency */ = {
			isa = PBXTargetDependency;
			target = F485BA5E22532463006DA0D5 /* ABCProject */;
			targetProxy = F485BA7F22532465006DA0D5 /* PBXContainerItemProxy */;
		};
/* End PBXTargetDependency section */

/* Begin PBXVariantGroup section */
		F485BA6622532463006DA0D5 /* Main.storyboard */ = {
			isa = PBXVariantGroup;
			children = (
				F485BA6722532463006DA0D5 /* Base */,
			);
			name = Main.storyboard;
			sourceTree = "<group>";
		};
		F485BA6B22532465006DA0D5 /* LaunchScreen.storyboard */ = {
			isa = PBXVariantGroup;
			children = (
				F485BA6C22532465006DA0D5 /* Base */,
			);
			name = LaunchScreen.storyboard;
			sourceTree = "<group>";
		};
/* End PBXVariantGroup section */

/* Begin XCBuildConfiguration section */
		F485BA8522532465006DA0D5 /* Debug */ = {
			isa = XCBuildConfiguration;
			buildSettings = {
				ALWAYS_SEARCH_USER_PATHS = NO;
				CLANG_ANALYZER_NONNULL = YES;
				CLANG_ANALYZER_NUMBER_OBJECT_CONVERSION = YES_AGGRESSIVE;
				CLANG_CXX_LANGUAGE_STANDARD = "gnu++14";
				CLANG_CXX_LIBRARY = "libc++";
				CLANG_ENABLE_MODULES = YES;
				CLANG_ENABLE_OBJC_ARC = YES;
				CLANG_ENABLE_OBJC_WEAK = YES;
				CLANG_WARN_BLOCK_CAPTURE_AUTORELEASING = YES;
				CLANG_WARN_BOOL_CONVERSION = YES;
				CLANG_WARN_COMMA = YES;
				CLANG_WARN_CONSTANT_CONVERSION = YES;
				CLANG_WARN_DEPRECATED_OBJC_IMPLEMENTATIONS = YES;
				CLANG_WARN_DIRECT_OBJC_ISA_USAGE = YES_ERROR;
				CLANG_WARN_DOCUMENTATION_COMMENTS = YES;
				CLANG_WARN_EMPTY_BODY = YES;
				CLANG_WARN_ENUM_CONVERSION = YES;
				CLANG_WARN_INFINITE_RECURSION = YES;
				CLANG_WARN_INT_CONVERSION = YES;
				CLANG_WARN_NON_LITERAL_NULL_CONVERSION = YES;
				CLANG_WARN_OBJC_IMPLICIT_RETAIN_SELF = YES;
				CLANG_WARN_OBJC_LITERAL_CONVERSION = YES;
				CLANG_WARN_OBJC_ROOT_CLASS = YES_ERROR;
				CLANG_WARN_RANGE_LOOP_ANALYSIS = YES;
				CLANG_WARN_STRICT_PROTOTYPES = YES;
				CLANG_WARN_SUSPICIOUS_MOVE = YES;
				CLANG_WARN_UNGUARDED_AVAILABILITY = YES_AGGRESSIVE;
				CLANG_WARN_UNREACHABLE_CODE = YES;
				CLANG_WARN__DUPLICATE_METHOD_MATCH = YES;
				CODE_SIGN_IDENTITY = "iPhone Developer";
				COPY_PHASE_STRIP = NO;
				DEBUG_INFORMATION_FORMAT = dwarf;
				ENABLE_STRICT_OBJC_MSGSEND = YES;
				ENABLE_TESTABILITY = YES;
				GCC_C_LANGUAGE_STANDARD = gnu11;
				GCC_DYNAMIC_NO_PIC = NO;
				GCC_NO_COMMON_BLOCKS = YES;
				GCC_OPTIMIZATION_LEVEL = 0;
				GCC_PREPROCESSOR_DEFINITIONS = (
					"DEBUG=1",
					"$(inherited)",
				);
				GCC_WARN_64_TO_32_BIT_CONVERSION = YES;
				GCC_WARN_ABOUT_RETURN_TYPE = YES_ERROR;
				GCC_WARN_UNDECLARED_SELECTOR = YES;
				GCC_WARN_UNINITIALIZED_AUTOS = YES_AGGRESSIVE;
				GCC_WARN_UNUSED_FUNCTION = YES;
				GCC_WARN_UNUSED_VARIABLE = YES;
				IPHONEOS_DEPLOYMENT_TARGET = 12.1;
				MTL_ENABLE_DEBUG_INFO = INCLUDE_SOURCE;
				MTL_FAST_MATH = YES;
				ONLY_ACTIVE_ARCH = YES;
				SDKROOT = iphoneos;
				SWIFT_ACTIVE_COMPILATION_CONDITIONS = DEBUG;
				SWIFT_OPTIMIZATION_LEVEL = "-Onone";
			};
			name = Debug;
		};
		F485BA8622532465006DA0D5 /* Release */ = {
			isa = XCBuildConfiguration;
			buildSettings = {
				ALWAYS_SEARCH_USER_PATHS = NO;
				CLANG_ANALYZER_NONNULL = YES;
				CLANG_ANALYZER_NUMBER_OBJECT_CONVERSION = YES_AGGRESSIVE;
				CLANG_CXX_LANGUAGE_STANDARD = "gnu++14";
				CLANG_CXX_LIBRARY = "libc++";
				CLANG_ENABLE_MODULES = YES;
				CLANG_ENABLE_OBJC_ARC = YES;
				CLANG_ENABLE_OBJC_WEAK = YES;
				CLANG_WARN_BLOCK_CAPTURE_AUTORELEASING = YES;
				CLANG_WARN_BOOL_CONVERSION = YES;
				CLANG_WARN_COMMA = YES;
				CLANG_WARN_CONSTANT_CONVERSION = YES;
				CLANG_WARN_DEPRECATED_OBJC_IMPLEMENTATIONS = YES;
				CLANG_WARN_DIRECT_OBJC_ISA_USAGE = YES_ERROR;
				CLANG_WARN_DOCUMENTATION_COMMENTS = YES;
				CLANG_WARN_EMPTY_BODY = YES;
				CLANG_WARN_ENUM_CONVERSION = YES;
				CLANG_WARN_INFINITE_RECURSION = YES;
				CLANG_WARN_INT_CONVERSION = YES;
				CLANG_WARN_NON_LITERAL_NULL_CONVERSION = YES;
				CLANG_WARN_OBJC_IMPLICIT_RETAIN_SELF = YES;
				CLANG_WARN_OBJC_LITERAL_CONVERSION = YES;
				CLANG_WARN_OBJC_ROOT_CLASS = YES_ERROR;
				CLANG_WARN_RANGE_LOOP_ANALYSIS = YES;
				CLANG_WARN_STRICT_PROTOTYPES = YES;
				CLANG_WARN_SUSPICIOUS_MOVE = YES;
				CLANG_WARN_UNGUARDED_AVAILABILITY = YES_AGGRESSIVE;
				CLANG_WARN_UNREACHABLE_CODE = YES;
				CLANG_WARN__DUPLICATE_METHOD_MATCH = YES;
				CODE_SIGN_IDENTITY = "iPhone Developer";
				COPY_PHASE_STRIP = NO;
				DEBUG_INFORMATION_FORMAT = "dwarf-with-dsym";
				ENABLE_NS_ASSERTIONS = NO;
				ENABLE_STRICT_OBJC_MSGSEND = YES;
				GCC_C_LANGUAGE_STANDARD = gnu11;
				GCC_NO_COMMON_BLOCKS = YES;
				GCC_WARN_64_TO_32_BIT_CONVERSION = YES;
				GCC_WARN_ABOUT_RETURN_TYPE = YES_ERROR;
				GCC_WARN_UNDECLARED_SELECTOR = YES;
				GCC_WARN_UNINITIALIZED_AUTOS = YES_AGGRESSIVE;
				GCC_WARN_UNUSED_FUNCTION = YES;
				GCC_WARN_UNUSED_VARIABLE = YES;
				IPHONEOS_DEPLOYMENT_TARGET = 12.1;
				MTL_ENABLE_DEBUG_INFO = NO;
				MTL_FAST_MATH = YES;
				SDKROOT = iphoneos;
				SWIFT_COMPILATION_MODE = wholemodule;
				SWIFT_OPTIMIZATION_LEVEL = "-O";
				VALIDATE_PRODUCT = YES;
			};
			name = Release;
		};
		F485BA8822532465006DA0D5 /* Debug */ = {
			isa = XCBuildConfiguration;
			buildSettings = {
				ASSETCATALOG_COMPILER_APPICON_NAME = AppIcon;
				CODE_SIGN_STYLE = Automatic;
				DEVELOPMENT_TEAM = L2MEX11111;
				INFOPLIST_FILE = ABCProject/Info.plist;
				LD_RUNPATH_SEARCH_PATHS = (
					"$(inherited)",
					"@executable_path/Frameworks",
				);
				PRODUCT_BUNDLE_IDENTIFIER = ios.ABCProject;
				PRODUCT_NAME = "$(TARGET_NAME)";
				SWIFT_VERSION = 4.2;
				TARGETED_DEVICE_FAMILY = "1,2";
			};
			name = Debug;
		};
		F485BA8922532465006DA0D5 /* Release */ = {
			isa = XCBuildConfiguration;
			buildSettings = {
				ASSETCATALOG_COMPILER_APPICON_NAME = AppIcon;
				CODE_SIGN_STYLE = Automatic;
				DEVELOPMENT_TEAM = L2MEX11111;
				INFOPLIST_FILE = ABCProject/Info.plist;
				LD_RUNPATH_SEARCH_PATHS = (
					"$(inherited)",
					"@executable_path/Frameworks",
				);
				PRODUCT_BUNDLE_IDENTIFIER = ios.ABCProject;
				PRODUCT_NAME = "$(TARGET_NAME)";
				SWIFT_VERSION = 4.2;
				TARGETED_DEVICE_FAMILY = "1,2";
			};
			name = Release;
		};
		F485BA8B22532465006DA0D5 /* Debug */ = {
			isa = XCBuildConfiguration;
			buildSettings = {
				ALWAYS_EMBED_SWIFT_STANDARD_LIBRARIES = YES;
				BUNDLE_LOADER = "$(TEST_HOST)";
				CODE_SIGN_STYLE = Automatic;
				DEVELOPMENT_TEAM = L2MEX11111;
				INFOPLIST_FILE = ABCProjectTests/Info.plist;
				LD_RUNPATH_SEARCH_PATHS = (
					"$(inherited)",
					"@executable_path/Frameworks",
					"@loader_path/Frameworks",
				);
				PRODUCT_BUNDLE_IDENTIFIER = ios.ABCProjectTests;
				PRODUCT_NAME = "$(TARGET_NAME)";
				SWIFT_VERSION = 4.2;
				TARGETED_DEVICE_FAMILY = "1,2";
				TEST_HOST = "$(BUILT_PRODUCTS_DIR)/ABCProject.app/ABCProject";
			};
			name = Debug;
		};
		F485BA8C22532465006DA0D5 /* Release */ = {
			isa = XCBuildConfiguration;
			buildSettings = {
				ALWAYS_EMBED_SWIFT_STANDARD_LIBRARIES = YES;
				BUNDLE_LOADER = "$(TEST_HOST)";
				CODE_SIGN_STYLE = Automatic;
				DEVELOPMENT_TEAM = L2MEX11111;
				INFOPLIST_FILE = ABCProjectTests/Info.plist;
				LD_RUNPATH_SEARCH_PATHS = (
					"$(inherited)",
					"@executable_path/Frameworks",
					"@loader_path/Frameworks",
				);
				PRODUCT_BUNDLE_IDENTIFIER = ios.ABCProjectTests;
				PRODUCT_NAME = "$(TARGET_NAME)";
				SWIFT_VERSION = 4.2;
				TARGETED_DEVICE_FAMILY = "1,2";
				TEST_HOST = "$(BUILT_PRODUCTS_DIR)/ABCProject.app/ABCProject";
			};
			name = Release;
		};
		F485BA8E22532465006DA0D5 /* Debug */ = {
			isa = XCBuildConfiguration;
			buildSettings = {
				ALWAYS_EMBED_SWIFT_STANDARD_LIBRARIES = YES;
				CODE_SIGN_STYLE = Automatic;
				DEVELOPMENT_TEAM = L2MEX11111;
				INFOPLIST_FILE = ABCProjectUITests/Info.plist;
				LD_RUNPATH_SEARCH_PATHS = (
					"$(inherited)",
					"@executable_path/Frameworks",
					"@loader_path/Frameworks",
				);
				PRODUCT_BUNDLE_IDENTIFIER = ios.ABCProjectUITests;
				PRODUCT_NAME = "$(TARGET_NAME)";
				SWIFT_VERSION = 4.2;
				TARGETED_DEVICE_FAMILY = "1,2";
				TEST_TARGET_NAME = ABCProject;
			};
			name = Debug;
		};
		F485BA8F22532465006DA0D5 /* Release */ = {
			isa = XCBuildConfiguration;
			buildSettings = {
				ALWAYS_EMBED_SWIFT_STANDARD_LIBRARIES = YES;
				CODE_SIGN_STYLE = Automatic;
				DEVELOPMENT_TEAM = L2MEX11111;
				INFOPLIST_FILE = ABCProjectUITests/Info.plist;
				LD_RUNPATH_SEARCH_PATHS = (
					"$(inherited)",
					"@executable_path/Frameworks",
					"@loader_path/Frameworks",
				);
				PRODUCT_BUNDLE_IDENTIFIER = ios.ABCProjectUITests;
				PRODUCT_NAME = "$(TARGET_NAME)";
				SWIFT_VERSION = 4.2;
				TARGETED_DEVICE_FAMILY = "1,2";
				TEST_TARGET_NAME = ABCProject;
			};
			name = Release;
		};
		F485BA9022532472006DA0D5 /* Debug2 */ = {
			isa = XCBuildConfiguration;
			buildSettings = {
				ALWAYS_SEARCH_USER_PATHS = NO;
				CLANG_ANALYZER_NONNULL = YES;
				CLANG_ANALYZER_NUMBER_OBJECT_CONVERSION = YES_AGGRESSIVE;
				CLANG_CXX_LANGUAGE_STANDARD = "gnu++14";
				CLANG_CXX_LIBRARY = "libc++";
				CLANG_ENABLE_MODULES = YES;
				CLANG_ENABLE_OBJC_ARC = YES;
				CLANG_ENABLE_OBJC_WEAK = YES;
				CLANG_WARN_BLOCK_CAPTURE_AUTORELEASING = YES;
				CLANG_WARN_BOOL_CONVERSION = YES;
				CLANG_WARN_COMMA = YES;
				CLANG_WARN_CONSTANT_CONVERSION = YES;
				CLANG_WARN_DEPRECATED_OBJC_IMPLEMENTATIONS = YES;
				CLANG_WARN_DIRECT_OBJC_ISA_USAGE = YES_ERROR;
				CLANG_WARN_DOCUMENTATION_COMMENTS = YES;
				CLANG_WARN_EMPTY_BODY = YES;
				CLANG_WARN_ENUM_CONVERSION = YES;
				CLANG_WARN_INFINITE_RECURSION = YES;
				CLANG_WARN_INT_CONVERSION = YES;
				CLANG_WARN_NON_LITERAL_NULL_CONVERSION = YES;
				CLANG_WARN_OBJC_IMPLICIT_RETAIN_SELF = YES;
				CLANG_WARN_OBJC_LITERAL_CONVERSION = YES;
				CLANG_WARN_OBJC_ROOT_CLASS = YES_ERROR;
				CLANG_WARN_RANGE_LOOP_ANALYSIS = YES;
				CLANG_WARN_STRICT_PROTOTYPES = YES;
				CLANG_WARN_SUSPICIOUS_MOVE = YES;
				CLANG_WARN_UNGUARDED_AVAILABILITY = YES_AGGRESSIVE;
				CLANG_WARN_UNREACHABLE_CODE = YES;
				CLANG_WARN__DUPLICATE_METHOD_MATCH = YES;
				CODE_SIGN_IDENTITY = "iPhone Developer";
				COPY_PHASE_STRIP = NO;
				DEBUG_INFORMATION_FORMAT = dwarf;
				ENABLE_STRICT_OBJC_MSGSEND = YES;
				ENABLE_TESTABILITY = YES;
				GCC_C_LANGUAGE_STANDARD = gnu11;
				GCC_DYNAMIC_NO_PIC = NO;
				GCC_NO_COMMON_BLOCKS = YES;
				GCC_OPTIMIZATION_LEVEL = 0;
				GCC_PREPROCESSOR_DEFINITIONS = (
					"DEBUG=1",
					"$(inherited)",
				);
				GCC_WARN_64_TO_32_BIT_CONVERSION = YES;
				GCC_WARN_ABOUT_RETURN_TYPE = YES_ERROR;
				GCC_WARN_UNDECLARED_SELECTOR = YES;
				GCC_WARN_UNINITIALIZED_AUTOS = YES_AGGRESSIVE;
				GCC_WARN_UNUSED_FUNCTION = YES;
				GCC_WARN_UNUSED_VARIABLE = YES;
				IPHONEOS_DEPLOYMENT_TARGET = 12.1;
				MTL_ENABLE_DEBUG_INFO = INCLUDE_SOURCE;
				MTL_FAST_MATH = YES;
				ONLY_ACTIVE_ARCH = YES;
				SDKROOT = iphoneos;
				SWIFT_ACTIVE_COMPILATION_CONDITIONS = DEBUG;
				SWIFT_OPTIMIZATION_LEVEL = "-Onone";
			};
			name = Debug2;
		};
		F485BA9122532472006DA0D5 /* Debug2 */ = {
			isa = XCBuildConfiguration;
			buildSettings = {
				ASSETCATALOG_COMPILER_APPICON_NAME = AppIcon;
				CODE_SIGN_STYLE = Automatic;
				DEVELOPMENT_TEAM = L2MEX11111;
				INFOPLIST_FILE = ABCProject/Info.plist;
				LD_RUNPATH_SEARCH_PATHS = (
					"$(inherited)",
					"@executable_path/Frameworks",
				);
				PRODUCT_BUNDLE_IDENTIFIER = ios.ABCProject;
				PRODUCT_NAME = "$(TARGET_NAME)";
				SWIFT_VERSION = 4.2;
				TARGETED_DEVICE_FAMILY = "1,2";
			};
			name = Debug2;
		};
		F485BA9222532472006DA0D5 /* Debug2 */ = {
			isa = XCBuildConfiguration;
			buildSettings = {
				ALWAYS_EMBED_SWIFT_STANDARD_LIBRARIES = YES;
				BUNDLE_LOADER = "$(TEST_HOST)";
				CODE_SIGN_STYLE = Automatic;
				DEVELOPMENT_TEAM = L2MEX11111;
				INFOPLIST_FILE = ABCProjectTests/Info.plist;
				LD_RUNPATH_SEARCH_PATHS = (
					"$(inherited)",
					"@executable_path/Frameworks",
					"@loader_path/Frameworks",
				);
				PRODUCT_BUNDLE_IDENTIFIER = ios.ABCProjectTests;
				PRODUCT_NAME = "$(TARGET_NAME)";
				SWIFT_VERSION = 4.2;
				TARGETED_DEVICE_FAMILY = "1,2";
				TEST_HOST = "$(BUILT_PRODUCTS_DIR)/ABCProject.app/ABCProject";
			};
			name = Debug2;
		};
		F485BA9322532472006DA0D5 /* Debug2 */ = {
			isa = XCBuildConfiguration;
			buildSettings = {
				ALWAYS_EMBED_SWIFT_STANDARD_LIBRARIES = YES;
				CODE_SIGN_STYLE = Automatic;
				DEVELOPMENT_TEAM = L2MEX11111;
				INFOPLIST_FILE = ABCProjectUITests/Info.plist;
				LD_RUNPATH_SEARCH_PATHS = (
					"$(inherited)",
					"@executable_path/Frameworks",
					"@loader_path/Frameworks",
				);
				PRODUCT_BUNDLE_IDENTIFIER = ios.ABCProjectUITests;
				PRODUCT_NAME = "$(TARGET_NAME)";
				SWIFT_VERSION = 4.2;
				TARGETED_DEVICE_FAMILY = "1,2";
				TEST_TARGET_NAME = ABCProject;
			};
			name = Debug2;
		};
		F485BA9E22532498006DA0D5 /* Debug */ = {
			isa = XCBuildConfiguration;
			buildSettings = {
				ASSETCATALOG_COMPILER_APPICON_NAME = AppIcon;
				CODE_SIGN_STYLE = Automatic;
				DEVELOPMENT_TEAM = L2MEX11111;
				INFOPLIST_FILE = "ABCProject copy-Info.plist";
				LD_RUNPATH_SEARCH_PATHS = (
					"$(inherited)",
					"@executable_path/Frameworks",
				);
				PRODUCT_BUNDLE_IDENTIFIER = ios.ABCProject;
				PRODUCT_NAME = "$(TARGET_NAME)";
				SWIFT_VERSION = 4.2;
				TARGETED_DEVICE_FAMILY = "1,2";
			};
			name = Debug;
		};
		F485BA9F22532498006DA0D5 /* Debug2 */ = {
			isa = XCBuildConfiguration;
			buildSettings = {
				ASSETCATALOG_COMPILER_APPICON_NAME = AppIcon;
				CODE_SIGN_STYLE = Automatic;
				DEVELOPMENT_TEAM = L2MEX11111;
				INFOPLIST_FILE = "ABCProject copy-Info.plist";
				LD_RUNPATH_SEARCH_PATHS = (
					"$(inherited)",
					"@executable_path/Frameworks",
				);
				PRODUCT_BUNDLE_IDENTIFIER = ios.ABCProject;
				PRODUCT_NAME = "$(TARGET_NAME)";
				SWIFT_VERSION = 4.2;
				TARGETED_DEVICE_FAMILY = "1,2";
			};
			name = Debug2;
		};
		F485BAA022532498006DA0D5 /* Release */ = {
			isa = XCBuildConfiguration;
			buildSettings = {
				ASSETCATALOG_COMPILER_APPICON_NAME = AppIcon;
				CODE_SIGN_STYLE = Automatic;
				DEVELOPMENT_TEAM = L2MEX11111;
				INFOPLIST_FILE = "ABCProject copy-Info.plist";
				LD_RUNPATH_SEARCH_PATHS = (
					"$(inherited)",
					"@executable_path/Frameworks",
				);
				PRODUCT_BUNDLE_IDENTIFIER = ios.ABCProject;
				PRODUCT_NAME = "$(TARGET_NAME)";
				SWIFT_VERSION = 4.2;
				TARGETED_DEVICE_FAMILY = "1,2";
			};
			name = Release;
		};
/* End XCBuildConfiguration section */

/* Begin XCConfigurationList section */
		F485BA5A22532463006DA0D5 /* Build configuration list for PBXProject "ABCProject" */ = {
			isa = XCConfigurationList;
			buildConfigurations = (
				F485BA8522532465006DA0D5 /* Debug */,
				F485BA9022532472006DA0D5 /* Debug2 */,
				F485BA8622532465006DA0D5 /* Release */,
			);
			defaultConfigurationIsVisible = 0;
			defaultConfigurationName = Release;
		};
		F485BA8722532465006DA0D5 /* Build configuration list for PBXNativeTarget "ABCProject" */ = {
			isa = XCConfigurationList;
			buildConfigurations = (
				F485BA8822532465006DA0D5 /* Debug */,
				F485BA9122532472006DA0D5 /* Debug2 */,
				F485BA8922532465006DA0D5 /* Release */,
			);
			defaultConfigurationIsVisible = 0;
			defaultConfigurationName = Release;
		};
		F485BA8A22532465006DA0D5 /* Build configuration list for PBXNativeTarget "ABCProjectTests" */ = {
			isa = XCConfigurationList;
			buildConfigurations = (
				F485BA8B22532465006DA0D5 /* Debug */,
				F485BA9222532472006DA0D5 /* Debug2 */,
				F485BA8C22532465006DA0D5 /* Release */,
			);
			defaultConfigurationIsVisible = 0;
			defaultConfigurationName = Release;
		};
		F485BA8D22532465006DA0D5 /* Build configuration list for PBXNativeTarget "ABCProjectUITests" */ = {
			isa = XCConfigurationList;
			buildConfigurations = (
				F485BA8E22532465006DA0D5 /* Debug */,
				F485BA9322532472006DA0D5 /* Debug2 */,
				F485BA8F22532465006DA0D5 /* Release */,
			);
			defaultConfigurationIsVisible = 0;
			defaultConfigurationName = Release;
		};
		F485BA9D22532498006DA0D5 /* Build configuration list for PBXNativeTarget "ABCSecondTarget" */ = {
			isa = XCConfigurationList;
			buildConfigurations = (
				F485BA9E22532498006DA0D5 /* Debug */,
				F485BA9F22532498006DA0D5 /* Debug2 */,
				F485BAA022532498006DA0D5 /* Release */,
			);
			defaultConfigurationIsVisible = 0;
			defaultConfigurationName = Release;
		};
/* End XCConfigurationList section */
	};
	rootObject = F485BA5722532463006DA0D5 /* Project object */;
}
